
Microsoft Visual Studio Solution File, Format Version 12.00
# Visual Studio Version 17
VisualStudioVersion = 17.11.35327.3
MinimumVisualStudioVersion = 10.0.40219.1
Project("{FAE04EC0-301F-11D3-BF4B-00C04F79EFBC}") = "CI_CD_Project", "CI_CD_Project.csproj", "{610359F3-08CA-4E17-8510-BC5F12A95B98}"
EndProject
Global
	GlobalSection(SolutionConfigurationPlatforms) = preSolution
		Debug|Any CPU = Debug|Any CPU
		Release|Any CPU = Release|Any CPU
	EndGlobalSection
	GlobalSection(ProjectConfigurationPlatforms) = postSolution
		{610359F3-08CA-4E17-8510-BC5F12A95B98}.Debug|Any CPU.ActiveCfg = Debug|Any CPU
		{610359F3-08CA-4E17-8510-BC5F12A95B98}.Debug|Any CPU.Build.0 = Debug|Any CPU
		{610359F3-08CA-4E17-8510-BC5F12A95B98}.Release|Any CPU.ActiveCfg = Release|Any CPU
		{610359F3-08CA-4E17-8510-BC5F12A95B98}.Release|Any CPU.Build.0 = Release|Any CPU
	EndGlobalSection
	GlobalSection(SolutionProperties) = preSolution
		HideSolutionNode = FALSE
	EndGlobalSection
	GlobalSection(ExtensibilityGlobals) = postSolution
		SolutionGuid = {3C26F1B3-3EF1-45EE-BA8F-00A4DBF776D5}
	EndGlobalSection
EndGlobal
